
Microsoft Visual Studio Solution File, Format Version 12.00
# Visual Studio Version 17
VisualStudioVersion = 17.9.34616.47
MinimumVisualStudioVersion = 10.0.40219.1
Project("{FAE04EC0-301F-11D3-BF4B-00C04F79EFBC}") = "Car Dealership", "Car Dealership.csproj", "{3A8C042F-B4EF-4145-90B7-D6FC3FBD6191}"
EndProject
Global
	GlobalSection(SolutionConfigurationPlatforms) = preSolution
		Debug|Any CPU = Debug|Any CPU
		Release|Any CPU = Release|Any CPU
	EndGlobalSection
	GlobalSection(ProjectConfigurationPlatforms) = postSolution
		{3A8C042F-B4EF-4145-90B7-D6FC3FBD6191}.Debug|Any CPU.ActiveCfg = Debug|Any CPU
		{3A8C042F-B4EF-4145-90B7-D6FC3FBD6191}.Debug|Any CPU.Build.0 = Debug|Any CPU
		{3A8C042F-B4EF-4145-90B7-D6FC3FBD6191}.Release|Any CPU.ActiveCfg = Release|Any CPU
		{3A8C042F-B4EF-4145-90B7-D6FC3FBD6191}.Release|Any CPU.Build.0 = Release|Any CPU
	EndGlobalSection
	GlobalSection(SolutionProperties) = preSolution
		HideSolutionNode = FALSE
	EndGlobalSection
	GlobalSection(ExtensibilityGlobals) = postSolution
		SolutionGuid = {CD256620-F674-4F74-870B-906CA67268F8}
	EndGlobalSection
EndGlobal
